
Microsoft Visual Studio Solution File, Format Version 12.00
# Visual Studio Version 17
VisualStudioVersion = 17.11.35327.3
MinimumVisualStudioVersion = 10.0.40219.1
Project("{2150E333-8FDC-42A3-9474-1A3956D46DE8}") = "Src", "Src", "{E9423D5C-039A-4B06-B8D9-9E9F79AAD829}"
EndProject
Project("{2150E333-8FDC-42A3-9474-1A3956D46DE8}") = "Core", "Core", "{D822B949-6FBF-426B-812A-AA507CB95AB1}"
EndProject
Project("{9A19103F-16F7-4668-BE54-9A1E7A4F7556}") = "Maintenance.Application", "Application\Maintenance.Application.csproj", "{4B43B99C-2D65-4C31-83AF-8C1BA61DDAB8}"
EndProject
Project("{9A19103F-16F7-4668-BE54-9A1E7A4F7556}") = "Maintenance.Domain", "Domain\Maintenance.Domain.csproj", "{F5977C1D-6EA9-45F6-9013-F18A8BFE064A}"
EndProject
Project("{9A19103F-16F7-4668-BE54-9A1E7A4F7556}") = "Maintenance.Infrastructure", "Infrastructure\Maintenance.Infrastructure.csproj", "{02982939-71C2-4A6D-A902-1F33ABD8B8DB}"
EndProject
Project("{9A19103F-16F7-4668-BE54-9A1E7A4F7556}") = "Maintenance.API", "API\Maintenance.API.csproj", "{C6922DA4-8CB2-49B8-A888-DA5313734EA1}"
EndProject
Project("{9A19103F-16F7-4668-BE54-9A1E7A4F7556}") = "Maintenance.Web", "Web\Maintenance.Web.csproj", "{2BA805E3-3C21-47B2-94FA-592CC795B3E9}"
EndProject
Global
	GlobalSection(SolutionConfigurationPlatforms) = preSolution
		Debug|Any CPU = Debug|Any CPU
		Release|Any CPU = Release|Any CPU
	EndGlobalSection
	GlobalSection(ProjectConfigurationPlatforms) = postSolution
		{4B43B99C-2D65-4C31-83AF-8C1BA61DDAB8}.Debug|Any CPU.ActiveCfg = Debug|Any CPU
		{4B43B99C-2D65-4C31-83AF-8C1BA61DDAB8}.Debug|Any CPU.Build.0 = Debug|Any CPU
		{4B43B99C-2D65-4C31-83AF-8C1BA61DDAB8}.Release|Any CPU.ActiveCfg = Release|Any CPU
		{4B43B99C-2D65-4C31-83AF-8C1BA61DDAB8}.Release|Any CPU.Build.0 = Release|Any CPU
		{F5977C1D-6EA9-45F6-9013-F18A8BFE064A}.Debug|Any CPU.ActiveCfg = Debug|Any CPU
		{F5977C1D-6EA9-45F6-9013-F18A8BFE064A}.Debug|Any CPU.Build.0 = Debug|Any CPU
		{F5977C1D-6EA9-45F6-9013-F18A8BFE064A}.Release|Any CPU.ActiveCfg = Release|Any CPU
		{F5977C1D-6EA9-45F6-9013-F18A8BFE064A}.Release|Any CPU.Build.0 = Release|Any CPU
		{02982939-71C2-4A6D-A902-1F33ABD8B8DB}.Debug|Any CPU.ActiveCfg = Debug|Any CPU
		{02982939-71C2-4A6D-A902-1F33ABD8B8DB}.Debug|Any CPU.Build.0 = Debug|Any CPU
		{02982939-71C2-4A6D-A902-1F33ABD8B8DB}.Release|Any CPU.ActiveCfg = Release|Any CPU
		{02982939-71C2-4A6D-A902-1F33ABD8B8DB}.Release|Any CPU.Build.0 = Release|Any CPU
		{C6922DA4-8CB2-49B8-A888-DA5313734EA1}.Debug|Any CPU.ActiveCfg = Debug|Any CPU
		{C6922DA4-8CB2-49B8-A888-DA5313734EA1}.Debug|Any CPU.Build.0 = Debug|Any CPU
		{C6922DA4-8CB2-49B8-A888-DA5313734EA1}.Release|Any CPU.ActiveCfg = Release|Any CPU
		{C6922DA4-8CB2-49B8-A888-DA5313734EA1}.Release|Any CPU.Build.0 = Release|Any CPU
		{2BA805E3-3C21-47B2-94FA-592CC795B3E9}.Debug|Any CPU.ActiveCfg = Debug|Any CPU
		{2BA805E3-3C21-47B2-94FA-592CC795B3E9}.Debug|Any CPU.Build.0 = Debug|Any CPU
		{2BA805E3-3C21-47B2-94FA-592CC795B3E9}.Release|Any CPU.ActiveCfg = Release|Any CPU
		{2BA805E3-3C21-47B2-94FA-592CC795B3E9}.Release|Any CPU.Build.0 = Release|Any CPU
	EndGlobalSection
	GlobalSection(SolutionProperties) = preSolution
		HideSolutionNode = FALSE
	EndGlobalSection
	GlobalSection(NestedProjects) = preSolution
		{D822B949-6FBF-426B-812A-AA507CB95AB1} = {E9423D5C-039A-4B06-B8D9-9E9F79AAD829}
		{4B43B99C-2D65-4C31-83AF-8C1BA61DDAB8} = {D822B949-6FBF-426B-812A-AA507CB95AB1}
		{F5977C1D-6EA9-45F6-9013-F18A8BFE064A} = {D822B949-6FBF-426B-812A-AA507CB95AB1}
		{02982939-71C2-4A6D-A902-1F33ABD8B8DB} = {E9423D5C-039A-4B06-B8D9-9E9F79AAD829}
		{C6922DA4-8CB2-49B8-A888-DA5313734EA1} = {E9423D5C-039A-4B06-B8D9-9E9F79AAD829}
		{2BA805E3-3C21-47B2-94FA-592CC795B3E9} = {E9423D5C-039A-4B06-B8D9-9E9F79AAD829}
	EndGlobalSection
	GlobalSection(ExtensibilityGlobals) = postSolution
		SolutionGuid = {74758134-3813-400C-9458-9FB680C26472}
	EndGlobalSection
EndGlobal
